
Microsoft Visual Studio Solution File, Format Version 12.00
# Visual Studio Version 16
VisualStudioVersion = 16.0.30804.86
MinimumVisualStudioVersion = 10.0.40219.1
Project("{FAE04EC0-301F-11D3-BF4B-00C04F79EFBC}") = "SUD", "SUD\SUD.csproj", "{DCF9B43A-197E-4936-AF73-EEBD5B758716}"
EndProject
Global
	GlobalSection(SolutionConfigurationPlatforms) = preSolution
		Debug|Any CPU = Debug|Any CPU
		Release|Any CPU = Release|Any CPU
	EndGlobalSection
	GlobalSection(ProjectConfigurationPlatforms) = postSolution
		{DCF9B43A-197E-4936-AF73-EEBD5B758716}.Debug|Any CPU.ActiveCfg = Debug|Any CPU
		{DCF9B43A-197E-4936-AF73-EEBD5B758716}.Debug|Any CPU.Build.0 = Debug|Any CPU
		{DCF9B43A-197E-4936-AF73-EEBD5B758716}.Release|Any CPU.ActiveCfg = Release|Any CPU
		{DCF9B43A-197E-4936-AF73-EEBD5B758716}.Release|Any CPU.Build.0 = Release|Any CPU
	EndGlobalSection
	GlobalSection(SolutionProperties) = preSolution
		HideSolutionNode = FALSE
	EndGlobalSection
	GlobalSection(ExtensibilityGlobals) = postSolution
		SolutionGuid = {B5AA2BF3-4567-42EB-ADFD-E2E4FECBC1B2}
	EndGlobalSection
EndGlobal
